
Microsoft Visual Studio Solution File, Format Version 12.00
# Visual Studio Version 17
VisualStudioVersion = 17.4.33213.308
MinimumVisualStudioVersion = 10.0.40219.1
Project("{FAE04EC0-301F-11D3-BF4B-00C04F79EFBC}") = "zadanie1", "zadanie1\zadanie1.csproj", "{73F2F96C-0DD3-486E-B44C-52B92C887C25}"
EndProject
Global
	GlobalSection(SolutionConfigurationPlatforms) = preSolution
		Debug|Any CPU = Debug|Any CPU
		Release|Any CPU = Release|Any CPU
	EndGlobalSection
	GlobalSection(ProjectConfigurationPlatforms) = postSolution
		{73F2F96C-0DD3-486E-B44C-52B92C887C25}.Debug|Any CPU.ActiveCfg = Debug|Any CPU
		{73F2F96C-0DD3-486E-B44C-52B92C887C25}.Debug|Any CPU.Build.0 = Debug|Any CPU
		{73F2F96C-0DD3-486E-B44C-52B92C887C25}.Release|Any CPU.ActiveCfg = Release|Any CPU
		{73F2F96C-0DD3-486E-B44C-52B92C887C25}.Release|Any CPU.Build.0 = Release|Any CPU
	EndGlobalSection
	GlobalSection(SolutionProperties) = preSolution
		HideSolutionNode = FALSE
	EndGlobalSection
	GlobalSection(ExtensibilityGlobals) = postSolution
		SolutionGuid = {4AD74697-6179-4AAC-BFA9-5ED82520BAB0}
	EndGlobalSection
EndGlobal
